
Microsoft Visual Studio Solution File, Format Version 12.00
# Visual Studio Version 16
VisualStudioVersion = 16.0.30114.105
MinimumVisualStudioVersion = 10.0.40219.1
Project("{FAE04EC0-301F-11D3-BF4B-00C04F79EFBC}") = "SignalFx.OverheadTest", "src\SignalFx.OverheadTest.csproj", "{778513EF-9288-4631-891B-16AE0B4E4063}"
EndProject
Global
	GlobalSection(SolutionConfigurationPlatforms) = preSolution
		Debug|Any CPU = Debug|Any CPU
		Release|Any CPU = Release|Any CPU
	EndGlobalSection
	GlobalSection(SolutionProperties) = preSolution
		HideSolutionNode = FALSE
	EndGlobalSection
	GlobalSection(ProjectConfigurationPlatforms) = postSolution
		{778513EF-9288-4631-891B-16AE0B4E4063}.Debug|Any CPU.ActiveCfg = Debug|Any CPU
		{778513EF-9288-4631-891B-16AE0B4E4063}.Debug|Any CPU.Build.0 = Debug|Any CPU
		{778513EF-9288-4631-891B-16AE0B4E4063}.Release|Any CPU.ActiveCfg = Release|Any CPU
		{778513EF-9288-4631-891B-16AE0B4E4063}.Release|Any CPU.Build.0 = Release|Any CPU
	EndGlobalSection
EndGlobal
